// !$*UTF8*$!
{
	archiveVersion = 1;
	classes = {
	};
	objectVersion = 52;
	objects = {

/* Begin PBXBuildFile section */
		01C57136734FDC60847E3F02 /* OptionalemergencycontactView.swift in Sources */ = {isa = PBXBuildFile; fileRef = E65897CD386D2960EA121E01 /* OptionalemergencycontactView.swift */; };
		06A73055859CA76702E88ABD /* LoginView.swift in Sources */ = {isa = PBXBuildFile; fileRef = 2023432BFC4071B6C61C5EEA /* LoginView.swift */; };
		1B35A8E238874B625FD2C5B3 /* NunitoBold.ttf in Resources */ = {isa = PBXBuildFile; fileRef = 87962D02CF96741E72AB3325 /* NunitoBold.ttf */; };
		1FC30A6767F73CCC3ABEE118 /* HelpnearbyView.swift in Sources */ = {isa = PBXBuildFile; fileRef = E9BF9C9496851CC0606BA79E /* HelpnearbyView.swift */; };
		25D1D799ABB6F2294EB381C3 /* FontScheme.swift in Sources */ = {isa = PBXBuildFile; fileRef = 47D1F307E71C4451E8608533 /* FontScheme.swift */; };
		271E65B303803CEE56E52D0E /* InterSemiBold.ttf in Resources */ = {isa = PBXBuildFile; fileRef = DD1EC639990331B44B31ABAA /* InterSemiBold.ttf */; };
		2E9046300DE33C4454F1BA99 /* InterMedium.ttf in Resources */ = {isa = PBXBuildFile; fileRef = 2EE7379B706EB5486AC51477 /* InterMedium.ttf */; };
		30224B433F091775A4DC1A02 /* InterBlack.ttf in Resources */ = {isa = PBXBuildFile; fileRef = 2D22550D78D4FFAF144FC3E1 /* InterBlack.ttf */; };
		31404AC7EAC1673A56DB84F2 /* StringScheme.swift in Sources */ = {isa = PBXBuildFile; fileRef = DD517A17437EE3C7A10C9F94 /* StringScheme.swift */; };
		453CC49931492DCF1235BAC5 /* SmsView.swift in Sources */ = {isa = PBXBuildFile; fileRef = D462D06DB9149D7F3073E737 /* SmsView.swift */; };
		4B352E39EF007A8C4A076EB8 /* RowmakeafakecalCell.swift in Sources */ = {isa = PBXBuildFile; fileRef = 68F435DC4CDA368D7358876D /* RowmakeafakecalCell.swift */; };
		4F0906B2488C47A87BA9043B /* LocationManager.swift in Sources */ = {isa = PBXBuildFile; fileRef = 1F5B46B59F0DDAB87E240FCA /* LocationManager.swift */; };
		5A9936E6B6241295D9E7BE07 /* GoogleMapView.swift in Sources */ = {isa = PBXBuildFile; fileRef = 14930B02800F5EB9E0039EE1 /* GoogleMapView.swift */; };
		7C4FB59E7B5E559C6AD354FD /* CustomDialogExtension.swift in Sources */ = {isa = PBXBuildFile; fileRef = DA45A4DA6C6F41FA561EC543 /* CustomDialogExtension.swift */; };
		7F44DBA127422A5D00171570 /* ActivityLoader.swift in Sources */ = {isa = PBXBuildFile; fileRef = 7F44DBA027422A5D00171570 /* ActivityLoader.swift */; };
		812A298C2A1DDC4156ABB301 /* InitialmapView.swift in Sources */ = {isa = PBXBuildFile; fileRef = 7D9957B7A370F6ED5E2E0820 /* InitialmapView.swift */; };
		8175B33829CFEF0B00581FB2 /* Alamofire in Frameworks */ = {isa = PBXBuildFile; productRef = 8175B33729CFEF0B00581FB2 /* Alamofire */; };
		83BD4632DE77848FE95DE9D1 /* SmsTwoView.swift in Sources */ = {isa = PBXBuildFile; fileRef = 83427F3F4303CB0D0C04ACCF /* SmsTwoView.swift */; };
		84B01E9296DF6CA3415CA49F /* InterBold.ttf in Resources */ = {isa = PBXBuildFile; fileRef = 41649C5B01F765AF0254C006 /* InterBold.ttf */; };
		884F3E5127B0E65A00963FC4 /* RoundedCornersView.swift in Sources */ = {isa = PBXBuildFile; fileRef = 884F3E5027B0E65A00963FC4 /* RoundedCornersView.swift */; };
		8853052627718DC500B04E6F /* ViewExtension.swift in Sources */ = {isa = PBXBuildFile; fileRef = 8853052527718DC500B04E6F /* ViewExtension.swift */; };
		8853052A27718E2D00B04E6F /* EncodableExtension.swift in Sources */ = {isa = PBXBuildFile; fileRef = 8853052927718E2D00B04E6F /* EncodableExtension.swift */; };
		8853052C2771949600B04E6F /* UINavigationController.swift in Sources */ = {isa = PBXBuildFile; fileRef = 8853052B2771949600B04E6F /* UINavigationController.swift */; };
		88680D1C2775C601002E964F /* ViewportHelper.swift in Sources */ = {isa = PBXBuildFile; fileRef = 88680D1B2775C601002E964F /* ViewportHelper.swift */; };
		888CB47527686A000041116C /* APIExtensions.swift in Sources */ = {isa = PBXBuildFile; fileRef = 888CB47427686A000041116C /* APIExtensions.swift */; };
		88ED74EC272FFE6F0088E3EF /* Assets.xcassets in Resources */ = {isa = PBXBuildFile; fileRef = 88ED74EB272FFE6F0088E3EF /* Assets.xcassets */; };
		88ED74EF272FFE6F0088E3EF /* Preview Assets.xcassets in Resources */ = {isa = PBXBuildFile; fileRef = 88ED74EE272FFE6F0088E3EF /* Preview Assets.xcassets */; };
		88ED7500272FFECA0088E3EF /* Utilities.swift in Sources */ = {isa = PBXBuildFile; fileRef = 88ED74F7272FFECA0088E3EF /* Utilities.swift */; };
		88ED7501272FFECA0088E3EF /* AppConstants.swift in Sources */ = {isa = PBXBuildFile; fileRef = 88ED74F9272FFECA0088E3EF /* AppConstants.swift */; };
		88ED7503272FFECA0088E3EF /* APIManager.swift in Sources */ = {isa = PBXBuildFile; fileRef = 88ED74FD272FFECA0088E3EF /* APIManager.swift */; };
		88ED7504272FFECA0088E3EF /* AngelshotApp.swift in Sources */ = {isa = PBXBuildFile; fileRef = 88ED74FF272FFECA0088E3EF /* AngelshotApp.swift */; };
		899CB9BF66294022F28565B5 /* FirstpageView.swift in Sources */ = {isa = PBXBuildFile; fileRef = E31A5BFD02DEE0076BA8DA6B /* FirstpageView.swift */; };
		98D5721DA003C0F0EAF751F6 /* SignupView.swift in Sources */ = {isa = PBXBuildFile; fileRef = 8656F41B1D9250FC4B6B0C4B /* SignupView.swift */; };
		A124606222FCC1F213812EF5 /* InterLight.ttf in Resources */ = {isa = PBXBuildFile; fileRef = 49675A9D82B3793D178812FE /* InterLight.ttf */; };
		A5EC11E8A5C38A4055DA9830 /* NunitoRegular.ttf in Resources */ = {isa = PBXBuildFile; fileRef = A4F949CF83F04B2B1B75D8A3 /* NunitoRegular.ttf */; };
		A7B38B58C8F65D614415C747 /* HelpnearbyreceivedView.swift in Sources */ = {isa = PBXBuildFile; fileRef = F0EE84FE3C8121EF2931D0A1 /* HelpnearbyreceivedView.swift */; };
		B24FC260635981AA7A4B4B7B /* RequiredemergencycontactsView.swift in Sources */ = {isa = PBXBuildFile; fileRef = D8EA2FDDACDE07A4143414AA /* RequiredemergencycontactsView.swift */; };
		B3D3AE2AE356A9B0CA1D887A /* ReportmodeOneView.swift in Sources */ = {isa = PBXBuildFile; fileRef = 9C01E2CE2661F7E2A9B652C7 /* ReportmodeOneView.swift */; };
		BBB4396F56D40DDE4B301FD1 /* InterExtraBold.ttf in Resources */ = {isa = PBXBuildFile; fileRef = 10B5CABD00BD92A03A387D79 /* InterExtraBold.ttf */; };
		C1CE6C3E36B1F75B690FE6A8 /* ReportmodeView.swift in Sources */ = {isa = PBXBuildFile; fileRef = C43055999D89E875C6D328E0 /* ReportmodeView.swift */; };
		C40AB9F82754D79E006BC5D7 /* AppDelegate.swift in Sources */ = {isa = PBXBuildFile; fileRef = C40AB9F72754D79E006BC5D7 /* AppDelegate.swift */; };
		C527E61AFCD0220BAAC4C3E7 /* ColorConstants.swift in Sources */ = {isa = PBXBuildFile; fileRef = FA70D613CE4FCE71AFC88167 /* ColorConstants.swift */; };
		DA2A421E851754F413449478 /* HomeView.swift in Sources */ = {isa = PBXBuildFile; fileRef = 72D1E1F6D9F19F4B4F7EE64E /* HomeView.swift */; };
		DD1D1F825BE67B7C05DE6447 /* AllowlocationView.swift in Sources */ = {isa = PBXBuildFile; fileRef = D7F223024E7910093EB9A0B2 /* AllowlocationView.swift */; };
		EF95CE72EC81E0F872BDAD67 /* MaphelpwantedView.swift in Sources */ = {isa = PBXBuildFile; fileRef = 992B0896459C5DAB5E6BAE16 /* MaphelpwantedView.swift */; };
		F4AA892A574733F4C1D79074 /* ProfileView.swift in Sources */ = {isa = PBXBuildFile; fileRef = 1AEFCB21D0AB9E56AAF91A3D /* ProfileView.swift */; };
		FB75B1B1EF83E31ABFE64E14 /* InterRegular.ttf in Resources */ = {isa = PBXBuildFile; fileRef = C0BDDB3A8719018DE1B63DBC /* InterRegular.ttf */; };
/* End PBXBuildFile section */

/* Begin PBXFileReference section */
		10B5CABD00BD92A03A387D79 /* InterExtraBold.ttf */ = {isa = PBXFileReference; includeInIndex = 1; lastKnownFileType = file; path = InterExtraBold.ttf; sourceTree = "<group>"; };
		14930B02800F5EB9E0039EE1 /* GoogleMapView.swift */ = {isa = PBXFileReference; includeInIndex = 1; lastKnownFileType = sourcecode.swift; path = GoogleMapView.swift; sourceTree = "<group>"; };
		1AEFCB21D0AB9E56AAF91A3D /* ProfileView.swift */ = {isa = PBXFileReference; includeInIndex = 1; lastKnownFileType = sourcecode.swift; path = ProfileView.swift; sourceTree = "<group>"; };
		1F5B46B59F0DDAB87E240FCA /* LocationManager.swift */ = {isa = PBXFileReference; includeInIndex = 1; lastKnownFileType = sourcecode.swift; path = LocationManager.swift; sourceTree = "<group>"; };
		2023432BFC4071B6C61C5EEA /* LoginView.swift */ = {isa = PBXFileReference; includeInIndex = 1; lastKnownFileType = sourcecode.swift; path = LoginView.swift; sourceTree = "<group>"; };
		2D22550D78D4FFAF144FC3E1 /* InterBlack.ttf */ = {isa = PBXFileReference; includeInIndex = 1; lastKnownFileType = file; path = InterBlack.ttf; sourceTree = "<group>"; };
		2EE7379B706EB5486AC51477 /* InterMedium.ttf */ = {isa = PBXFileReference; includeInIndex = 1; lastKnownFileType = file; path = InterMedium.ttf; sourceTree = "<group>"; };
		41649C5B01F765AF0254C006 /* InterBold.ttf */ = {isa = PBXFileReference; includeInIndex = 1; lastKnownFileType = file; path = InterBold.ttf; sourceTree = "<group>"; };
		47D1F307E71C4451E8608533 /* FontScheme.swift */ = {isa = PBXFileReference; includeInIndex = 1; lastKnownFileType = sourcecode.swift; path = FontScheme.swift; sourceTree = "<group>"; };
		49675A9D82B3793D178812FE /* InterLight.ttf */ = {isa = PBXFileReference; includeInIndex = 1; lastKnownFileType = file; path = InterLight.ttf; sourceTree = "<group>"; };
		68F435DC4CDA368D7358876D /* RowmakeafakecalCell.swift */ = {isa = PBXFileReference; includeInIndex = 1; lastKnownFileType = sourcecode.swift; path = RowmakeafakecalCell.swift; sourceTree = "<group>"; };
		72D1E1F6D9F19F4B4F7EE64E /* HomeView.swift */ = {isa = PBXFileReference; includeInIndex = 1; lastKnownFileType = sourcecode.swift; path = HomeView.swift; sourceTree = "<group>"; };
		7D9957B7A370F6ED5E2E0820 /* InitialmapView.swift */ = {isa = PBXFileReference; includeInIndex = 1; lastKnownFileType = sourcecode.swift; path = InitialmapView.swift; sourceTree = "<group>"; };
		7F44DBA027422A5D00171570 /* ActivityLoader.swift */ = {isa = PBXFileReference; lastKnownFileType = sourcecode.swift; path = ActivityLoader.swift; sourceTree = "<group>"; };
		83427F3F4303CB0D0C04ACCF /* SmsTwoView.swift */ = {isa = PBXFileReference; includeInIndex = 1; lastKnownFileType = sourcecode.swift; path = SmsTwoView.swift; sourceTree = "<group>"; };
		8656F41B1D9250FC4B6B0C4B /* SignupView.swift */ = {isa = PBXFileReference; includeInIndex = 1; lastKnownFileType = sourcecode.swift; path = SignupView.swift; sourceTree = "<group>"; };
		87962D02CF96741E72AB3325 /* NunitoBold.ttf */ = {isa = PBXFileReference; includeInIndex = 1; lastKnownFileType = file; path = NunitoBold.ttf; sourceTree = "<group>"; };
		884F3E5027B0E65A00963FC4 /* RoundedCornersView.swift */ = {isa = PBXFileReference; lastKnownFileType = sourcecode.swift; path = RoundedCornersView.swift; sourceTree = "<group>"; };
		8853052527718DC500B04E6F /* ViewExtension.swift */ = {isa = PBXFileReference; lastKnownFileType = sourcecode.swift; path = ViewExtension.swift; sourceTree = "<group>"; };
		8853052927718E2D00B04E6F /* EncodableExtension.swift */ = {isa = PBXFileReference; lastKnownFileType = sourcecode.swift; path = EncodableExtension.swift; sourceTree = "<group>"; };
		8853052B2771949600B04E6F /* UINavigationController.swift */ = {isa = PBXFileReference; fileEncoding = 4; lastKnownFileType = sourcecode.swift; path = UINavigationController.swift; sourceTree = "<group>"; };
		88680D1B2775C601002E964F /* ViewportHelper.swift */ = {isa = PBXFileReference; lastKnownFileType = sourcecode.swift; path = ViewportHelper.swift; sourceTree = "<group>"; };
		888CB47427686A000041116C /* APIExtensions.swift */ = {isa = PBXFileReference; lastKnownFileType = sourcecode.swift; path = APIExtensions.swift; sourceTree = "<group>"; };
		88ED74E4272FFE6E0088E3EF /* Angelshot.app */ = {isa = PBXFileReference; explicitFileType = wrapper.application; includeInIndex = 0; path = Angelshot.app; sourceTree = BUILT_PRODUCTS_DIR; };
		88ED74EB272FFE6F0088E3EF /* Assets.xcassets */ = {isa = PBXFileReference; lastKnownFileType = folder.assetcatalog; path = Assets.xcassets; sourceTree = "<group>"; };
		88ED74EE272FFE6F0088E3EF /* Preview Assets.xcassets */ = {isa = PBXFileReference; lastKnownFileType = folder.assetcatalog; path = "Preview Assets.xcassets"; sourceTree = "<group>"; };
		88ED74F0272FFE6F0088E3EF /* Info.plist */ = {isa = PBXFileReference; lastKnownFileType = text.plist.xml; path = Info.plist; sourceTree = "<group>"; };
		88ED74F7272FFECA0088E3EF /* Utilities.swift */ = {isa = PBXFileReference; fileEncoding = 4; lastKnownFileType = sourcecode.swift; path = Utilities.swift; sourceTree = "<group>"; };
		88ED74F9272FFECA0088E3EF /* AppConstants.swift */ = {isa = PBXFileReference; fileEncoding = 4; lastKnownFileType = sourcecode.swift; path = AppConstants.swift; sourceTree = "<group>"; };
		88ED74FD272FFECA0088E3EF /* APIManager.swift */ = {isa = PBXFileReference; fileEncoding = 4; lastKnownFileType = sourcecode.swift; path = APIManager.swift; sourceTree = "<group>"; };
		88ED74FF272FFECA0088E3EF /* AngelshotApp.swift */ = {isa = PBXFileReference; fileEncoding = 4; lastKnownFileType = sourcecode.swift; path = AngelshotApp.swift; sourceTree = "<group>"; };
		992B0896459C5DAB5E6BAE16 /* MaphelpwantedView.swift */ = {isa = PBXFileReference; includeInIndex = 1; lastKnownFileType = sourcecode.swift; path = MaphelpwantedView.swift; sourceTree = "<group>"; };
		9C01E2CE2661F7E2A9B652C7 /* ReportmodeOneView.swift */ = {isa = PBXFileReference; includeInIndex = 1; lastKnownFileType = sourcecode.swift; path = ReportmodeOneView.swift; sourceTree = "<group>"; };
		A4F949CF83F04B2B1B75D8A3 /* NunitoRegular.ttf */ = {isa = PBXFileReference; includeInIndex = 1; lastKnownFileType = file; path = NunitoRegular.ttf; sourceTree = "<group>"; };
		C0BDDB3A8719018DE1B63DBC /* InterRegular.ttf */ = {isa = PBXFileReference; includeInIndex = 1; lastKnownFileType = file; path = InterRegular.ttf; sourceTree = "<group>"; };
		C40AB9F72754D79E006BC5D7 /* AppDelegate.swift */ = {isa = PBXFileReference; fileEncoding = 4; lastKnownFileType = sourcecode.swift; path = AppDelegate.swift; sourceTree = "<group>"; };
		C43055999D89E875C6D328E0 /* ReportmodeView.swift */ = {isa = PBXFileReference; includeInIndex = 1; lastKnownFileType = sourcecode.swift; path = ReportmodeView.swift; sourceTree = "<group>"; };
		D462D06DB9149D7F3073E737 /* SmsView.swift */ = {isa = PBXFileReference; includeInIndex = 1; lastKnownFileType = sourcecode.swift; path = SmsView.swift; sourceTree = "<group>"; };
		D7F223024E7910093EB9A0B2 /* AllowlocationView.swift */ = {isa = PBXFileReference; includeInIndex = 1; lastKnownFileType = sourcecode.swift; path = AllowlocationView.swift; sourceTree = "<group>"; };
		D8EA2FDDACDE07A4143414AA /* RequiredemergencycontactsView.swift */ = {isa = PBXFileReference; includeInIndex = 1; lastKnownFileType = sourcecode.swift; path = RequiredemergencycontactsView.swift; sourceTree = "<group>"; };
		DA45A4DA6C6F41FA561EC543 /* CustomDialogExtension.swift */ = {isa = PBXFileReference; includeInIndex = 1; lastKnownFileType = sourcecode.swift; path = CustomDialogExtension.swift; sourceTree = "<group>"; };
		DD1EC639990331B44B31ABAA /* InterSemiBold.ttf */ = {isa = PBXFileReference; includeInIndex = 1; lastKnownFileType = file; path = InterSemiBold.ttf; sourceTree = "<group>"; };
		DD517A17437EE3C7A10C9F94 /* StringScheme.swift */ = {isa = PBXFileReference; includeInIndex = 1; lastKnownFileType = sourcecode.swift; path = StringScheme.swift; sourceTree = "<group>"; };
		E31A5BFD02DEE0076BA8DA6B /* FirstpageView.swift */ = {isa = PBXFileReference; includeInIndex = 1; lastKnownFileType = sourcecode.swift; path = FirstpageView.swift; sourceTree = "<group>"; };
		E65897CD386D2960EA121E01 /* OptionalemergencycontactView.swift */ = {isa = PBXFileReference; includeInIndex = 1; lastKnownFileType = sourcecode.swift; path = OptionalemergencycontactView.swift; sourceTree = "<group>"; };
		E9BF9C9496851CC0606BA79E /* HelpnearbyView.swift */ = {isa = PBXFileReference; includeInIndex = 1; lastKnownFileType = sourcecode.swift; path = HelpnearbyView.swift; sourceTree = "<group>"; };
		F0EE84FE3C8121EF2931D0A1 /* HelpnearbyreceivedView.swift */ = {isa = PBXFileReference; includeInIndex = 1; lastKnownFileType = sourcecode.swift; path = HelpnearbyreceivedView.swift; sourceTree = "<group>"; };
		FA70D613CE4FCE71AFC88167 /* ColorConstants.swift */ = {isa = PBXFileReference; includeInIndex = 1; lastKnownFileType = sourcecode.swift; path = ColorConstants.swift; sourceTree = "<group>"; };
/* End PBXFileReference section */

/* Begin PBXFrameworksBuildPhase section */
		88ED74E1272FFE6E0088E3EF /* Frameworks */ = {
			isa = PBXFrameworksBuildPhase;
			buildActionMask = 2147483647;
			files = (
				8175B33829CFEF0B00581FB2 /* Alamofire in Frameworks */,
			);
			runOnlyForDeploymentPostprocessing = 0;
		};
/* End PBXFrameworksBuildPhase section */

/* Begin PBXGroup section */
		054D003605183F7791FC313F /* CustomDialogExtension */ = {
			isa = PBXGroup;
			children = (
				DA45A4DA6C6F41FA561EC543 /* CustomDialogExtension.swift */,
			);
			path = CustomDialogExtension;
			sourceTree = "<group>";
		};
		097409B6AA23DD3510DBE439 /* Views */ = {
			isa = PBXGroup;
			children = (
				33D66301D8667544A8F54D40 /* FirstpageView */,
				6FA9746A37D6C12BC9BE6F75 /* LoginView */,
				ECF71EA7D85762811DA389CE /* OptionalemergencycontactView */,
				CF67A42479AEBA87A3219D4E /* HomeView */,
				163360DAEE725FF63416D5C5 /* MaphelpwantedView */,
				1A48C4CB5BA514EE03911CFB /* HelpnearbyView */,
				2C99EC09E6C29A7E63DD2705 /* SignupView */,
				1AD20E6431A426A72403C15D /* AllowlocationView */,
				A6176DB3C00314B0371AC65A /* RequiredemergencycontactsView */,
				613A961618A43A2B6BD7A7AA /* InitialmapView */,
				1121FBF3E8EDF04A1FA12994 /* SmsView */,
				D2A8EA3A1A7EBA06EAFE8908 /* SmsTwoView */,
				3CC3C1674A27E59833D67433 /* HelpnearbyreceivedView */,
				B512B90E16C978BE4EEA9287 /* ProfileView */,
				A02ED780F74E6FD7BB19B186 /* ReportmodeView */,
				AF91809D6AA3ED82EB6D6653 /* ReportmodeOneView */,
			);
			path = Views;
			sourceTree = "<group>";
		};
		1121FBF3E8EDF04A1FA12994 /* SmsView */ = {
			isa = PBXGroup;
			children = (
				D462D06DB9149D7F3073E737 /* SmsView.swift */,
			);
			path = SmsView;
			sourceTree = "<group>";
		};
		163360DAEE725FF63416D5C5 /* MaphelpwantedView */ = {
			isa = PBXGroup;
			children = (
				992B0896459C5DAB5E6BAE16 /* MaphelpwantedView.swift */,
			);
			path = MaphelpwantedView;
			sourceTree = "<group>";
		};
		1A48C4CB5BA514EE03911CFB /* HelpnearbyView */ = {
			isa = PBXGroup;
			children = (
				E9BF9C9496851CC0606BA79E /* HelpnearbyView.swift */,
			);
			path = HelpnearbyView;
			sourceTree = "<group>";
		};
		1AD20E6431A426A72403C15D /* AllowlocationView */ = {
			isa = PBXGroup;
			children = (
				D7F223024E7910093EB9A0B2 /* AllowlocationView.swift */,
			);
			path = AllowlocationView;
			sourceTree = "<group>";
		};
		29EC05F5FFD445D3ED1212ED /* Fonts */ = {
			isa = PBXGroup;
			children = (
				2EE7379B706EB5486AC51477 /* InterMedium.ttf */,
				87962D02CF96741E72AB3325 /* NunitoBold.ttf */,
				2D22550D78D4FFAF144FC3E1 /* InterBlack.ttf */,
				C0BDDB3A8719018DE1B63DBC /* InterRegular.ttf */,
				49675A9D82B3793D178812FE /* InterLight.ttf */,
				41649C5B01F765AF0254C006 /* InterBold.ttf */,
				10B5CABD00BD92A03A387D79 /* InterExtraBold.ttf */,
				DD1EC639990331B44B31ABAA /* InterSemiBold.ttf */,
				A4F949CF83F04B2B1B75D8A3 /* NunitoRegular.ttf */,
			);
			path = Fonts;
			sourceTree = "<group>";
		};
		2C99EC09E6C29A7E63DD2705 /* SignupView */ = {
			isa = PBXGroup;
			children = (
				8656F41B1D9250FC4B6B0C4B /* SignupView.swift */,
			);
			path = SignupView;
			sourceTree = "<group>";
		};
		316499F6BFB11F34C4E41D72 /* Cell */ = {
			isa = PBXGroup;
			children = (
				68F435DC4CDA368D7358876D /* RowmakeafakecalCell.swift */,
			);
			path = Cell;
			sourceTree = "<group>";
		};
		33D66301D8667544A8F54D40 /* FirstpageView */ = {
			isa = PBXGroup;
			children = (
				E31A5BFD02DEE0076BA8DA6B /* FirstpageView.swift */,
			);
			path = FirstpageView;
			sourceTree = "<group>";
		};
		3CC3C1674A27E59833D67433 /* HelpnearbyreceivedView */ = {
			isa = PBXGroup;
			children = (
				F0EE84FE3C8121EF2931D0A1 /* HelpnearbyreceivedView.swift */,
			);
			path = HelpnearbyreceivedView;
			sourceTree = "<group>";
		};
		5FCAD73D565B0EBF5DACE3AC /* Resources */ = {
			isa = PBXGroup;
			children = (
				29EC05F5FFD445D3ED1212ED /* Fonts */,
			);
			path = Resources;
			sourceTree = "<group>";
		};
		613A961618A43A2B6BD7A7AA /* InitialmapView */ = {
			isa = PBXGroup;
			children = (
				7D9957B7A370F6ED5E2E0820 /* InitialmapView.swift */,
			);
			path = InitialmapView;
			sourceTree = "<group>";
		};
		6FA9746A37D6C12BC9BE6F75 /* LoginView */ = {
			isa = PBXGroup;
			children = (
				2023432BFC4071B6C61C5EEA /* LoginView.swift */,
			);
			path = LoginView;
			sourceTree = "<group>";
		};
		7F44DB9E27422A4200171570 /* Helper */ = {
			isa = PBXGroup;
			children = (
				88680D1A2775C5BD002E964F /* Viewport */,
				7F44DB9F27422A4200171570 /* ActivityLoader */,
			);
			path = Helper;
			sourceTree = "<group>";
		};
		7F44DB9F27422A4200171570 /* ActivityLoader */ = {
			isa = PBXGroup;
			children = (
				7F44DBA027422A5D00171570 /* ActivityLoader.swift */,
			);
			path = ActivityLoader;
			sourceTree = "<group>";
		};
		88680D1A2775C5BD002E964F /* Viewport */ = {
			isa = PBXGroup;
			children = (
				88680D1B2775C601002E964F /* ViewportHelper.swift */,
			);
			path = Viewport;
			sourceTree = "<group>";
		};
		88ED74DB272FFE6E0088E3EF = {
			isa = PBXGroup;
			children = (
				88ED74E6272FFE6E0088E3EF /* Angelshot */,
				88ED74E5272FFE6E0088E3EF /* Products */,
			);
			sourceTree = "<group>";
		};
		88ED74E5272FFE6E0088E3EF /* Products */ = {
			isa = PBXGroup;
			children = (
				88ED74E4272FFE6E0088E3EF /* Angelshot.app */,
			);
			name = Products;
			sourceTree = "<group>";
		};
		88ED74E6272FFE6E0088E3EF /* Angelshot */ = {
			isa = PBXGroup;
			children = (
				88ED74FC272FFECA0088E3EF /* Services */,
				88ED74FE272FFECA0088E3EF /* Application */,
				88ED74F8272FFECA0088E3EF /* Constants */,
				88ED74FA272FFECA0088E3EF /* Extensions */,
				88ED74F6272FFECA0088E3EF /* Utilities */,
				7F44DB9E27422A4200171570 /* Helper */,
				88ED74EB272FFE6F0088E3EF /* Assets.xcassets */,
				88ED74F0272FFE6F0088E3EF /* Info.plist */,
				88ED74ED272FFE6F0088E3EF /* Preview Content */,
				5FCAD73D565B0EBF5DACE3AC /* Resources */,
				097409B6AA23DD3510DBE439 /* Views */,
				D34BA63B7DCA0F59A2078774 /* CustomViews */,
			);
			path = Angelshot;
			sourceTree = "<group>";
		};
		88ED74ED272FFE6F0088E3EF /* Preview Content */ = {
			isa = PBXGroup;
			children = (
				88ED74EE272FFE6F0088E3EF /* Preview Assets.xcassets */,
			);
			path = "Preview Content";
			sourceTree = "<group>";
		};
		88ED74F6272FFECA0088E3EF /* Utilities */ = {
			isa = PBXGroup;
			children = (
				88ED74F7272FFECA0088E3EF /* Utilities.swift */,
			);
			path = Utilities;
			sourceTree = "<group>";
		};
		88ED74F8272FFECA0088E3EF /* Constants */ = {
			isa = PBXGroup;
			children = (
				88ED74F9272FFECA0088E3EF /* AppConstants.swift */,
				DD517A17437EE3C7A10C9F94 /* StringScheme.swift */,
				FA70D613CE4FCE71AFC88167 /* ColorConstants.swift */,
				47D1F307E71C4451E8608533 /* FontScheme.swift */,
			);
			path = Constants;
			sourceTree = "<group>";
		};
		88ED74FA272FFECA0088E3EF /* Extensions */ = {
			isa = PBXGroup;
			children = (
				888CB47427686A000041116C /* APIExtensions.swift */,
				8853052527718DC500B04E6F /* ViewExtension.swift */,
				8853052B2771949600B04E6F /* UINavigationController.swift */,
				8853052927718E2D00B04E6F /* EncodableExtension.swift */,
				884F3E5027B0E65A00963FC4 /* RoundedCornersView.swift */,
			);
			path = Extensions;
			sourceTree = "<group>";
		};
		88ED74FC272FFECA0088E3EF /* Services */ = {
			isa = PBXGroup;
			children = (
				88ED74FD272FFECA0088E3EF /* APIManager.swift */,
			);
			path = Services;
			sourceTree = "<group>";
		};
		88ED74FE272FFECA0088E3EF /* Application */ = {
			isa = PBXGroup;
			children = (
				C40AB9F72754D79E006BC5D7 /* AppDelegate.swift */,
				88ED74FF272FFECA0088E3EF /* AngelshotApp.swift */,
			);
			path = Application;
			sourceTree = "<group>";
		};
		A02ED780F74E6FD7BB19B186 /* ReportmodeView */ = {
			isa = PBXGroup;
			children = (
				C43055999D89E875C6D328E0 /* ReportmodeView.swift */,
			);
			path = ReportmodeView;
			sourceTree = "<group>";
		};
		A6176DB3C00314B0371AC65A /* RequiredemergencycontactsView */ = {
			isa = PBXGroup;
			children = (
				D8EA2FDDACDE07A4143414AA /* RequiredemergencycontactsView.swift */,
			);
			path = RequiredemergencycontactsView;
			sourceTree = "<group>";
		};
		AF91809D6AA3ED82EB6D6653 /* ReportmodeOneView */ = {
			isa = PBXGroup;
			children = (
				9C01E2CE2661F7E2A9B652C7 /* ReportmodeOneView.swift */,
			);
			path = ReportmodeOneView;
			sourceTree = "<group>";
		};
		B512B90E16C978BE4EEA9287 /* ProfileView */ = {
			isa = PBXGroup;
			children = (
				1AEFCB21D0AB9E56AAF91A3D /* ProfileView.swift */,
			);
			path = ProfileView;
			sourceTree = "<group>";
		};
		C3EAF1E631089B022421709A /* GoogleMapView */ = {
			isa = PBXGroup;
			children = (
				14930B02800F5EB9E0039EE1 /* GoogleMapView.swift */,
				1F5B46B59F0DDAB87E240FCA /* LocationManager.swift */,
			);
			path = GoogleMapView;
			sourceTree = "<group>";
		};
		CF67A42479AEBA87A3219D4E /* HomeView */ = {
			isa = PBXGroup;
			children = (
				72D1E1F6D9F19F4B4F7EE64E /* HomeView.swift */,
				316499F6BFB11F34C4E41D72 /* Cell */,
			);
			path = HomeView;
			sourceTree = "<group>";
		};
		D2A8EA3A1A7EBA06EAFE8908 /* SmsTwoView */ = {
			isa = PBXGroup;
			children = (
				83427F3F4303CB0D0C04ACCF /* SmsTwoView.swift */,
			);
			path = SmsTwoView;
			sourceTree = "<group>";
		};
		D34BA63B7DCA0F59A2078774 /* CustomViews */ = {
			isa = PBXGroup;
			children = (
				054D003605183F7791FC313F /* CustomDialogExtension */,
				C3EAF1E631089B022421709A /* GoogleMapView */,
			);
			path = CustomViews;
			sourceTree = "<group>";
		};
		ECF71EA7D85762811DA389CE /* OptionalemergencycontactView */ = {
			isa = PBXGroup;
			children = (
				E65897CD386D2960EA121E01 /* OptionalemergencycontactView.swift */,
			);
			path = OptionalemergencycontactView;
			sourceTree = "<group>";
		};
/* End PBXGroup section */

/* Begin PBXNativeTarget section */
		88ED74E3272FFE6E0088E3EF /* Angelshot */ = {
			isa = PBXNativeTarget;
			buildConfigurationList = 88ED74F3272FFE6F0088E3EF /* Build configuration list for PBXNativeTarget "Angelshot" */;
			buildPhases = (
				88ED74E0272FFE6E0088E3EF /* Sources */,
				88ED74E1272FFE6E0088E3EF /* Frameworks */,
				88ED74E2272FFE6E0088E3EF /* Resources */,
			);
			buildRules = (
			);
			dependencies = (
			);
			name = Angelshot;
			packageProductDependencies = (
				8175B33729CFEF0B00581FB2 /* Alamofire */,
			);
			productName = Angelshot;
			productReference = 88ED74E4272FFE6E0088E3EF /* Angelshot.app */;
			productType = "com.apple.product-type.application";
		};
/* End PBXNativeTarget section */

/* Begin PBXProject section */
		88ED74DC272FFE6E0088E3EF /* Project object */ = {
			isa = PBXProject;
			attributes = {
				LastSwiftUpdateCheck = 1250;
				LastUpgradeCheck = 1250;
				TargetAttributes = {
					88ED74E3272FFE6E0088E3EF = {
						CreatedOnToolsVersion = 12.5;
					};
				};
			};
			buildConfigurationList = 88ED74DF272FFE6E0088E3EF /* Build configuration list for PBXProject "Angelshot" */;
			compatibilityVersion = "Xcode 9.3";
			developmentRegion = en;
			hasScannedForEncodings = 0;
			knownRegions = (
				en,
				Base,
			);
			mainGroup = 88ED74DB272FFE6E0088E3EF;
			packageReferences = (
				8175B33629CFEF0B00581FB2 /* XCRemoteSwiftPackageReference "Alamofire" */,
			);
			productRefGroup = 88ED74E5272FFE6E0088E3EF /* Products */;
			projectDirPath = "";
			projectRoot = "";
			targets = (
				88ED74E3272FFE6E0088E3EF /* Angelshot */,
			);
		};
/* End PBXProject section */

/* Begin PBXResourcesBuildPhase section */
		88ED74E2272FFE6E0088E3EF /* Resources */ = {
			isa = PBXResourcesBuildPhase;
			buildActionMask = 2147483647;
			files = (
				88ED74EF272FFE6F0088E3EF /* Preview Assets.xcassets in Resources */,
				88ED74EC272FFE6F0088E3EF /* Assets.xcassets in Resources */,
				2E9046300DE33C4454F1BA99 /* InterMedium.ttf in Resources */,
				1B35A8E238874B625FD2C5B3 /* NunitoBold.ttf in Resources */,
				30224B433F091775A4DC1A02 /* InterBlack.ttf in Resources */,
				FB75B1B1EF83E31ABFE64E14 /* InterRegular.ttf in Resources */,
				A124606222FCC1F213812EF5 /* InterLight.ttf in Resources */,
				84B01E9296DF6CA3415CA49F /* InterBold.ttf in Resources */,
				BBB4396F56D40DDE4B301FD1 /* InterExtraBold.ttf in Resources */,
				271E65B303803CEE56E52D0E /* InterSemiBold.ttf in Resources */,
				A5EC11E8A5C38A4055DA9830 /* NunitoRegular.ttf in Resources */,
			);
			runOnlyForDeploymentPostprocessing = 0;
		};
/* End PBXResourcesBuildPhase section */

/* Begin PBXSourcesBuildPhase section */
		88ED74E0272FFE6E0088E3EF /* Sources */ = {
			isa = PBXSourcesBuildPhase;
			buildActionMask = 2147483647;
			files = (
				888CB47527686A000041116C /* APIExtensions.swift in Sources */,
				8853052A27718E2D00B04E6F /* EncodableExtension.swift in Sources */,
				8853052C2771949600B04E6F /* UINavigationController.swift in Sources */,
				88ED7503272FFECA0088E3EF /* APIManager.swift in Sources */,
				7F44DBA127422A5D00171570 /* ActivityLoader.swift in Sources */,
				8853052627718DC500B04E6F /* ViewExtension.swift in Sources */,
				88ED7500272FFECA0088E3EF /* Utilities.swift in Sources */,
				88ED7504272FFECA0088E3EF /* AngelshotApp.swift in Sources */,
				C40AB9F82754D79E006BC5D7 /* AppDelegate.swift in Sources */,
				88680D1C2775C601002E964F /* ViewportHelper.swift in Sources */,
				88ED7501272FFECA0088E3EF /* AppConstants.swift in Sources */,
				884F3E5127B0E65A00963FC4 /* RoundedCornersView.swift in Sources */,
				31404AC7EAC1673A56DB84F2 /* StringScheme.swift in Sources */,
				C527E61AFCD0220BAAC4C3E7 /* ColorConstants.swift in Sources */,
				25D1D799ABB6F2294EB381C3 /* FontScheme.swift in Sources */,
				899CB9BF66294022F28565B5 /* FirstpageView.swift in Sources */,
				06A73055859CA76702E88ABD /* LoginView.swift in Sources */,
				01C57136734FDC60847E3F02 /* OptionalemergencycontactView.swift in Sources */,
				DA2A421E851754F413449478 /* HomeView.swift in Sources */,
				4B352E39EF007A8C4A076EB8 /* RowmakeafakecalCell.swift in Sources */,
				EF95CE72EC81E0F872BDAD67 /* MaphelpwantedView.swift in Sources */,
				1FC30A6767F73CCC3ABEE118 /* HelpnearbyView.swift in Sources */,
				98D5721DA003C0F0EAF751F6 /* SignupView.swift in Sources */,
				DD1D1F825BE67B7C05DE6447 /* AllowlocationView.swift in Sources */,
				B24FC260635981AA7A4B4B7B /* RequiredemergencycontactsView.swift in Sources */,
				812A298C2A1DDC4156ABB301 /* InitialmapView.swift in Sources */,
				453CC49931492DCF1235BAC5 /* SmsView.swift in Sources */,
				83BD4632DE77848FE95DE9D1 /* SmsTwoView.swift in Sources */,
				A7B38B58C8F65D614415C747 /* HelpnearbyreceivedView.swift in Sources */,
				F4AA892A574733F4C1D79074 /* ProfileView.swift in Sources */,
				C1CE6C3E36B1F75B690FE6A8 /* ReportmodeView.swift in Sources */,
				B3D3AE2AE356A9B0CA1D887A /* ReportmodeOneView.swift in Sources */,
				7C4FB59E7B5E559C6AD354FD /* CustomDialogExtension.swift in Sources */,
				5A9936E6B6241295D9E7BE07 /* GoogleMapView.swift in Sources */,
				4F0906B2488C47A87BA9043B /* LocationManager.swift in Sources */,
			);
			runOnlyForDeploymentPostprocessing = 0;
		};
/* End PBXSourcesBuildPhase section */

/* Begin XCBuildConfiguration section */
		88ED74F1272FFE6F0088E3EF /* Debug */ = {
			isa = XCBuildConfiguration;
			buildSettings = {
				ALWAYS_SEARCH_USER_PATHS = NO;
				CLANG_ANALYZER_NONNULL = YES;
				CLANG_ANALYZER_NUMBER_OBJECT_CONVERSION = YES_AGGRESSIVE;
				CLANG_CXX_LANGUAGE_STANDARD = "gnu++14";
				CLANG_CXX_LIBRARY = "libc++";
				CLANG_ENABLE_MODULES = YES;
				CLANG_ENABLE_OBJC_ARC = YES;
				CLANG_ENABLE_OBJC_WEAK = YES;
				CLANG_WARN_BLOCK_CAPTURE_AUTORELEASING = YES;
				CLANG_WARN_BOOL_CONVERSION = YES;
				CLANG_WARN_COMMA = YES;
				CLANG_WARN_CONSTANT_CONVERSION = YES;
				CLANG_WARN_DEPRECATED_OBJC_IMPLEMENTATIONS = YES;
				CLANG_WARN_DIRECT_OBJC_ISA_USAGE = YES_ERROR;
				CLANG_WARN_DOCUMENTATION_COMMENTS = YES;
				CLANG_WARN_EMPTY_BODY = YES;
				CLANG_WARN_ENUM_CONVERSION = YES;
				CLANG_WARN_INFINITE_RECURSION = YES;
				CLANG_WARN_INT_CONVERSION = YES;
				CLANG_WARN_NON_LITERAL_NULL_CONVERSION = YES;
				CLANG_WARN_OBJC_IMPLICIT_RETAIN_SELF = YES;
				CLANG_WARN_OBJC_LITERAL_CONVERSION = YES;
				CLANG_WARN_OBJC_ROOT_CLASS = YES_ERROR;
				CLANG_WARN_QUOTED_INCLUDE_IN_FRAMEWORK_HEADER = YES;
				CLANG_WARN_RANGE_LOOP_ANALYSIS = YES;
				CLANG_WARN_STRICT_PROTOTYPES = YES;
				CLANG_WARN_SUSPICIOUS_MOVE = YES;
				CLANG_WARN_UNGUARDED_AVAILABILITY = YES_AGGRESSIVE;
				CLANG_WARN_UNREACHABLE_CODE = YES;
				CLANG_WARN__DUPLICATE_METHOD_MATCH = YES;
				COPY_PHASE_STRIP = NO;
				DEBUG_INFORMATION_FORMAT = dwarf;
				ENABLE_STRICT_OBJC_MSGSEND = YES;
				ENABLE_TESTABILITY = YES;
				GCC_C_LANGUAGE_STANDARD = gnu11;
				GCC_DYNAMIC_NO_PIC = NO;
				GCC_NO_COMMON_BLOCKS = YES;
				GCC_OPTIMIZATION_LEVEL = 0;
				GCC_PREPROCESSOR_DEFINITIONS = (
					"DEBUG=1",
					"$(inherited)",
				);
				GCC_WARN_64_TO_32_BIT_CONVERSION = YES;
				GCC_WARN_ABOUT_RETURN_TYPE = YES_ERROR;
				GCC_WARN_UNDECLARED_SELECTOR = YES;
				GCC_WARN_UNINITIALIZED_AUTOS = YES_AGGRESSIVE;
				GCC_WARN_UNUSED_FUNCTION = YES;
				GCC_WARN_UNUSED_VARIABLE = YES;
				IPHONEOS_DEPLOYMENT_TARGET = 14.5;
				MTL_ENABLE_DEBUG_INFO = INCLUDE_SOURCE;
				MTL_FAST_MATH = YES;
				ONLY_ACTIVE_ARCH = YES;
				SDKROOT = iphoneos;
				SWIFT_ACTIVE_COMPILATION_CONDITIONS = DEBUG;
				SWIFT_OPTIMIZATION_LEVEL = "-Onone";
			};
			name = Debug;
		};
		88ED74F2272FFE6F0088E3EF /* Release */ = {
			isa = XCBuildConfiguration;
			buildSettings = {
				ALWAYS_SEARCH_USER_PATHS = NO;
				CLANG_ANALYZER_NONNULL = YES;
				CLANG_ANALYZER_NUMBER_OBJECT_CONVERSION = YES_AGGRESSIVE;
				CLANG_CXX_LANGUAGE_STANDARD = "gnu++14";
				CLANG_CXX_LIBRARY = "libc++";
				CLANG_ENABLE_MODULES = YES;
				CLANG_ENABLE_OBJC_ARC = YES;
				CLANG_ENABLE_OBJC_WEAK = YES;
				CLANG_WARN_BLOCK_CAPTURE_AUTORELEASING = YES;
				CLANG_WARN_BOOL_CONVERSION = YES;
				CLANG_WARN_COMMA = YES;
				CLANG_WARN_CONSTANT_CONVERSION = YES;
				CLANG_WARN_DEPRECATED_OBJC_IMPLEMENTATIONS = YES;
				CLANG_WARN_DIRECT_OBJC_ISA_USAGE = YES_ERROR;
				CLANG_WARN_DOCUMENTATION_COMMENTS = YES;
				CLANG_WARN_EMPTY_BODY = YES;
				CLANG_WARN_ENUM_CONVERSION = YES;
				CLANG_WARN_INFINITE_RECURSION = YES;
				CLANG_WARN_INT_CONVERSION = YES;
				CLANG_WARN_NON_LITERAL_NULL_CONVERSION = YES;
				CLANG_WARN_OBJC_IMPLICIT_RETAIN_SELF = YES;
				CLANG_WARN_OBJC_LITERAL_CONVERSION = YES;
				CLANG_WARN_OBJC_ROOT_CLASS = YES_ERROR;
				CLANG_WARN_QUOTED_INCLUDE_IN_FRAMEWORK_HEADER = YES;
				CLANG_WARN_RANGE_LOOP_ANALYSIS = YES;
				CLANG_WARN_STRICT_PROTOTYPES = YES;
				CLANG_WARN_SUSPICIOUS_MOVE = YES;
				CLANG_WARN_UNGUARDED_AVAILABILITY = YES_AGGRESSIVE;
				CLANG_WARN_UNREACHABLE_CODE = YES;
				CLANG_WARN__DUPLICATE_METHOD_MATCH = YES;
				COPY_PHASE_STRIP = NO;
				DEBUG_INFORMATION_FORMAT = "dwarf-with-dsym";
				ENABLE_NS_ASSERTIONS = NO;
				ENABLE_STRICT_OBJC_MSGSEND = YES;
				GCC_C_LANGUAGE_STANDARD = gnu11;
				GCC_NO_COMMON_BLOCKS = YES;
				GCC_WARN_64_TO_32_BIT_CONVERSION = YES;
				GCC_WARN_ABOUT_RETURN_TYPE = YES_ERROR;
				GCC_WARN_UNDECLARED_SELECTOR = YES;
				GCC_WARN_UNINITIALIZED_AUTOS = YES_AGGRESSIVE;
				GCC_WARN_UNUSED_FUNCTION = YES;
				GCC_WARN_UNUSED_VARIABLE = YES;
				IPHONEOS_DEPLOYMENT_TARGET = 14.5;
				MTL_ENABLE_DEBUG_INFO = NO;
				MTL_FAST_MATH = YES;
				SDKROOT = iphoneos;
				SWIFT_COMPILATION_MODE = wholemodule;
				SWIFT_OPTIMIZATION_LEVEL = "-O";
				VALIDATE_PRODUCT = YES;
			};
			name = Release;
		};
		88ED74F4272FFE6F0088E3EF /* Debug */ = {
			isa = XCBuildConfiguration;
			buildSettings = {
				ASSETCATALOG_COMPILER_APPICON_NAME = AppIcon;
				ASSETCATALOG_COMPILER_GLOBAL_ACCENT_COLOR_NAME = AccentColor;
				CODE_SIGN_STYLE = Automatic;
				DEVELOPMENT_ASSET_PATHS = "\"Angelshot/Preview Content\"";
				DEVELOPMENT_TEAM = "";
				ENABLE_PREVIEWS = YES;
				INFOPLIST_FILE = Angelshot/Info.plist;
				IPHONEOS_DEPLOYMENT_TARGET = 14.0;
				LD_RUNPATH_SEARCH_PATHS = (
					"$(inherited)",
					"@executable_path/Frameworks",
				);
				PRODUCT_BUNDLE_IDENTIFIER = com.angelshot.app;
				PRODUCT_NAME = "$(TARGET_NAME)";
				SWIFT_VERSION = 5.0;
				TARGETED_DEVICE_FAMILY = "1,2";
			};
			name = Debug;
		};
		88ED74F5272FFE6F0088E3EF /* Release */ = {
			isa = XCBuildConfiguration;
			buildSettings = {
				ASSETCATALOG_COMPILER_APPICON_NAME = AppIcon;
				ASSETCATALOG_COMPILER_GLOBAL_ACCENT_COLOR_NAME = AccentColor;
				CODE_SIGN_STYLE = Automatic;
				DEVELOPMENT_ASSET_PATHS = "\"Angelshot/Preview Content\"";
				DEVELOPMENT_TEAM = "";
				ENABLE_PREVIEWS = YES;
				INFOPLIST_FILE = Angelshot/Info.plist;
				IPHONEOS_DEPLOYMENT_TARGET = 14.0;
				LD_RUNPATH_SEARCH_PATHS = (
					"$(inherited)",
					"@executable_path/Frameworks",
				);
				PRODUCT_BUNDLE_IDENTIFIER = com.angelshot.app;
				PRODUCT_NAME = "$(TARGET_NAME)";
				SWIFT_VERSION = 5.0;
				TARGETED_DEVICE_FAMILY = "1,2";
			};
			name = Release;
		};
/* End XCBuildConfiguration section */

/* Begin XCConfigurationList section */
		88ED74DF272FFE6E0088E3EF /* Build configuration list for PBXProject "Angelshot" */ = {
			isa = XCConfigurationList;
			buildConfigurations = (
				88ED74F1272FFE6F0088E3EF /* Debug */,
				88ED74F2272FFE6F0088E3EF /* Release */,
			);
			defaultConfigurationIsVisible = 0;
			defaultConfigurationName = Release;
		};
		88ED74F3272FFE6F0088E3EF /* Build configuration list for PBXNativeTarget "Angelshot" */ = {
			isa = XCConfigurationList;
			buildConfigurations = (
				88ED74F4272FFE6F0088E3EF /* Debug */,
				88ED74F5272FFE6F0088E3EF /* Release */,
			);
			defaultConfigurationIsVisible = 0;
			defaultConfigurationName = Release;
		};
/* End XCConfigurationList section */

/* Begin XCRemoteSwiftPackageReference section */
		8175B33629CFEF0B00581FB2 /* XCRemoteSwiftPackageReference "Alamofire" */ = {
			isa = XCRemoteSwiftPackageReference;
			repositoryURL = "https://github.com/Alamofire/Alamofire.git";
			requirement = {
				branch = master;
				kind = branch;
			};
		};
/* End XCRemoteSwiftPackageReference section */

/* Begin XCSwiftPackageProductDependency section */
		8175B33729CFEF0B00581FB2 /* Alamofire */ = {
			isa = XCSwiftPackageProductDependency;
			package = 8175B33629CFEF0B00581FB2 /* XCRemoteSwiftPackageReference "Alamofire" */;
			productName = Alamofire;
		};
/* End XCSwiftPackageProductDependency section */
	};
	rootObject = 88ED74DC272FFE6E0088E3EF /* Project object */;
}
